// !$*UTF8*$!
{
	archiveVersion = 1;
	classes = {
	};
	objectVersion = 56;
	objects = {

/* Begin PBXBuildFile section */
		9676A11C2B3C473E00C8EF20 /* CustomButton.swift in Sources */ = {isa = PBXBuildFile; fileRef = 9676A11B2B3C473E00C8EF20 /* CustomButton.swift */; };
		9676A11E2B3C528E00C8EF20 /* CustomLabel.swift in Sources */ = {isa = PBXBuildFile; fileRef = 9676A11D2B3C528E00C8EF20 /* CustomLabel.swift */; };
		96D76B6A2B3C40850046014E /* AppDelegate.swift in Sources */ = {isa = PBXBuildFile; fileRef = 96D76B692B3C40850046014E /* AppDelegate.swift */; };
		96D76B6C2B3C40850046014E /* SceneDelegate.swift in Sources */ = {isa = PBXBuildFile; fileRef = 96D76B6B2B3C40850046014E /* SceneDelegate.swift */; };
		96D76B6E2B3C40850046014E /* ViewController.swift in Sources */ = {isa = PBXBuildFile; fileRef = 96D76B6D2B3C40850046014E /* ViewController.swift */; };
		96D76B712B3C40850046014E /* Main.storyboard in Resources */ = {isa = PBXBuildFile; fileRef = 96D76B6F2B3C40850046014E /* Main.storyboard */; };
		96D76B732B3C40870046014E /* Assets.xcassets in Resources */ = {isa = PBXBuildFile; fileRef = 96D76B722B3C40870046014E /* Assets.xcassets */; };
		96D76B762B3C40870046014E /* LaunchScreen.storyboard in Resources */ = {isa = PBXBuildFile; fileRef = 96D76B742B3C40870046014E /* LaunchScreen.storyboard */; };
		96D76B812B3C40880046014E /* SwiftCalculatorTests.swift in Sources */ = {isa = PBXBuildFile; fileRef = 96D76B802B3C40880046014E /* SwiftCalculatorTests.swift */; };
		96D76B8B2B3C40880046014E /* SwiftCalculatorUITests.swift in Sources */ = {isa = PBXBuildFile; fileRef = 96D76B8A2B3C40880046014E /* SwiftCalculatorUITests.swift */; };
		96D76B8D2B3C40880046014E /* SwiftCalculatorUITestsLaunchTests.swift in Sources */ = {isa = PBXBuildFile; fileRef = 96D76B8C2B3C40880046014E /* SwiftCalculatorUITestsLaunchTests.swift */; };
		96E55AB22B3E55DD00ED2259 /* CustomButton.xib in Resources */ = {isa = PBXBuildFile; fileRef = 96E55AB12B3E55DD00ED2259 /* CustomButton.xib */; };
/* End PBXBuildFile section */

/* Begin PBXContainerItemProxy section */
		96D76B7D2B3C40880046014E /* PBXContainerItemProxy */ = {
			isa = PBXContainerItemProxy;
			containerPortal = 96D76B5E2B3C40850046014E /* Project object */;
			proxyType = 1;
			remoteGlobalIDString = 96D76B652B3C40850046014E;
			remoteInfo = SwiftCalculator;
		};
		96D76B872B3C40880046014E /* PBXContainerItemProxy */ = {
			isa = PBXContainerItemProxy;
			containerPortal = 96D76B5E2B3C40850046014E /* Project object */;
			proxyType = 1;
			remoteGlobalIDString = 96D76B652B3C40850046014E;
			remoteInfo = SwiftCalculator;
		};
/* End PBXContainerItemProxy section */

/* Begin PBXFileReference section */
		9676A11B2B3C473E00C8EF20 /* CustomButton.swift */ = {isa = PBXFileReference; lastKnownFileType = sourcecode.swift; path = CustomButton.swift; sourceTree = "<group>"; };
		9676A11D2B3C528E00C8EF20 /* CustomLabel.swift */ = {isa = PBXFileReference; lastKnownFileType = sourcecode.swift; path = CustomLabel.swift; sourceTree = "<group>"; };
		96D76B662B3C40850046014E /* SwiftCalculator.app */ = {isa = PBXFileReference; explicitFileType = wrapper.application; includeInIndex = 0; path = SwiftCalculator.app; sourceTree = BUILT_PRODUCTS_DIR; };
		96D76B692B3C40850046014E /* AppDelegate.swift */ = {isa = PBXFileReference; lastKnownFileType = sourcecode.swift; path = AppDelegate.swift; sourceTree = "<group>"; };
		96D76B6B2B3C40850046014E /* SceneDelegate.swift */ = {isa = PBXFileReference; lastKnownFileType = sourcecode.swift; path = SceneDelegate.swift; sourceTree = "<group>"; };
		96D76B6D2B3C40850046014E /* ViewController.swift */ = {isa = PBXFileReference; lastKnownFileType = sourcecode.swift; path = ViewController.swift; sourceTree = "<group>"; };
		96D76B702B3C40850046014E /* Base */ = {isa = PBXFileReference; lastKnownFileType = file.storyboard; name = Base; path = Base.lproj/Main.storyboard; sourceTree = "<group>"; };
		96D76B722B3C40870046014E /* Assets.xcassets */ = {isa = PBXFileReference; lastKnownFileType = folder.assetcatalog; path = Assets.xcassets; sourceTree = "<group>"; };
		96D76B752B3C40870046014E /* Base */ = {isa = PBXFileReference; lastKnownFileType = file.storyboard; name = Base; path = Base.lproj/LaunchScreen.storyboard; sourceTree = "<group>"; };
		96D76B772B3C40870046014E /* Info.plist */ = {isa = PBXFileReference; lastKnownFileType = text.plist.xml; path = Info.plist; sourceTree = "<group>"; };
		96D76B7C2B3C40880046014E /* SwiftCalculatorTests.xctest */ = {isa = PBXFileReference; explicitFileType = wrapper.cfbundle; includeInIndex = 0; path = SwiftCalculatorTests.xctest; sourceTree = BUILT_PRODUCTS_DIR; };
		96D76B802B3C40880046014E /* SwiftCalculatorTests.swift */ = {isa = PBXFileReference; lastKnownFileType = sourcecode.swift; path = SwiftCalculatorTests.swift; sourceTree = "<group>"; };
		96D76B862B3C40880046014E /* SwiftCalculatorUITests.xctest */ = {isa = PBXFileReference; explicitFileType = wrapper.cfbundle; includeInIndex = 0; path = SwiftCalculatorUITests.xctest; sourceTree = BUILT_PRODUCTS_DIR; };
		96D76B8A2B3C40880046014E /* SwiftCalculatorUITests.swift */ = {isa = PBXFileReference; lastKnownFileType = sourcecode.swift; path = SwiftCalculatorUITests.swift; sourceTree = "<group>"; };
		96D76B8C2B3C40880046014E /* SwiftCalculatorUITestsLaunchTests.swift */ = {isa = PBXFileReference; lastKnownFileType = sourcecode.swift; path = SwiftCalculatorUITestsLaunchTests.swift; sourceTree = "<group>"; };
		96E55AB12B3E55DD00ED2259 /* CustomButton.xib */ = {isa = PBXFileReference; lastKnownFileType = file.xib; path = CustomButton.xib; sourceTree = "<group>"; };
/* End PBXFileReference section */

/* Begin PBXFrameworksBuildPhase section */
		96D76B632B3C40850046014E /* Frameworks */ = {
			isa = PBXFrameworksBuildPhase;
			buildActionMask = 2147483647;
			files = (
			);
			runOnlyForDeploymentPostprocessing = 0;
		};
		96D76B792B3C40880046014E /* Frameworks */ = {
			isa = PBXFrameworksBuildPhase;
			buildActionMask = 2147483647;
			files = (
			);
			runOnlyForDeploymentPostprocessing = 0;
		};
		96D76B832B3C40880046014E /* Frameworks */ = {
			isa = PBXFrameworksBuildPhase;
			buildActionMask = 2147483647;
			files = (
			);
			runOnlyForDeploymentPostprocessing = 0;
		};
/* End PBXFrameworksBuildPhase section */

/* Begin PBXGroup section */
		96D76B5D2B3C40850046014E = {
			isa = PBXGroup;
			children = (
				96D76B682B3C40850046014E /* SwiftCalculator */,
				96D76B7F2B3C40880046014E /* SwiftCalculatorTests */,
				96D76B892B3C40880046014E /* SwiftCalculatorUITests */,
				96D76B672B3C40850046014E /* Products */,
			);
			sourceTree = "<group>";
		};
		96D76B672B3C40850046014E /* Products */ = {
			isa = PBXGroup;
			children = (
				96D76B662B3C40850046014E /* SwiftCalculator.app */,
				96D76B7C2B3C40880046014E /* SwiftCalculatorTests.xctest */,
				96D76B862B3C40880046014E /* SwiftCalculatorUITests.xctest */,
			);
			name = Products;
			sourceTree = "<group>";
		};
		96D76B682B3C40850046014E /* SwiftCalculator */ = {
			isa = PBXGroup;
			children = (
				96D76B692B3C40850046014E /* AppDelegate.swift */,
				96D76B6B2B3C40850046014E /* SceneDelegate.swift */,
				96D76B6D2B3C40850046014E /* ViewController.swift */,
				96D76B6F2B3C40850046014E /* Main.storyboard */,
				9676A11D2B3C528E00C8EF20 /* CustomLabel.swift */,
				9676A11B2B3C473E00C8EF20 /* CustomButton.swift */,
				96E55AB12B3E55DD00ED2259 /* CustomButton.xib */,
				96D76B722B3C40870046014E /* Assets.xcassets */,
				96D76B742B3C40870046014E /* LaunchScreen.storyboard */,
				96D76B772B3C40870046014E /* Info.plist */,
			);
			path = SwiftCalculator;
			sourceTree = "<group>";
		};
		96D76B7F2B3C40880046014E /* SwiftCalculatorTests */ = {
			isa = PBXGroup;
			children = (
				96D76B802B3C40880046014E /* SwiftCalculatorTests.swift */,
			);
			path = SwiftCalculatorTests;
			sourceTree = "<group>";
		};
		96D76B892B3C40880046014E /* SwiftCalculatorUITests */ = {
			isa = PBXGroup;
			children = (
				96D76B8A2B3C40880046014E /* SwiftCalculatorUITests.swift */,
				96D76B8C2B3C40880046014E /* SwiftCalculatorUITestsLaunchTests.swift */,
			);
			path = SwiftCalculatorUITests;
			sourceTree = "<group>";
		};
/* End PBXGroup section */

/* Begin PBXNativeTarget section */
		96D76B652B3C40850046014E /* SwiftCalculator */ = {
			isa = PBXNativeTarget;
			buildConfigurationList = 96D76B902B3C40880046014E /* Build configuration list for PBXNativeTarget "SwiftCalculator" */;
			buildPhases = (
				96D76B622B3C40850046014E /* Sources */,
				96D76B632B3C40850046014E /* Frameworks */,
				96D76B642B3C40850046014E /* Resources */,
			);
			buildRules = (
			);
			dependencies = (
			);
			name = SwiftCalculator;
			productName = SwiftCalculator;
			productReference = 96D76B662B3C40850046014E /* SwiftCalculator.app */;
			productType = "com.apple.product-type.application";
		};
		96D76B7B2B3C40880046014E /* SwiftCalculatorTests */ = {
			isa = PBXNativeTarget;
			buildConfigurationList = 96D76B932B3C40880046014E /* Build configuration list for PBXNativeTarget "SwiftCalculatorTests" */;
			buildPhases = (
				96D76B782B3C40880046014E /* Sources */,
				96D76B792B3C40880046014E /* Frameworks */,
				96D76B7A2B3C40880046014E /* Resources */,
			);
			buildRules = (
			);
			dependencies = (
				96D76B7E2B3C40880046014E /* PBXTargetDependency */,
			);
			name = SwiftCalculatorTests;
			productName = SwiftCalculatorTests;
			productReference = 96D76B7C2B3C40880046014E /* SwiftCalculatorTests.xctest */;
			productType = "com.apple.product-type.bundle.unit-test";
		};
		96D76B852B3C40880046014E /* SwiftCalculatorUITests */ = {
			isa = PBXNativeTarget;
			buildConfigurationList = 96D76B962B3C40880046014E /* Build configuration list for PBXNativeTarget "SwiftCalculatorUITests" */;
			buildPhases = (
				96D76B822B3C40880046014E /* Sources */,
				96D76B832B3C40880046014E /* Frameworks */,
				96D76B842B3C40880046014E /* Resources */,
			);
			buildRules = (
			);
			dependencies = (
				96D76B882B3C40880046014E /* PBXTargetDependency */,
			);
			name = SwiftCalculatorUITests;
			productName = SwiftCalculatorUITests;
			productReference = 96D76B862B3C40880046014E /* SwiftCalculatorUITests.xctest */;
			productType = "com.apple.product-type.bundle.ui-testing";
		};
/* End PBXNativeTarget section */

/* Begin PBXProject section */
		96D76B5E2B3C40850046014E /* Project object */ = {
			isa = PBXProject;
			attributes = {
				BuildIndependentTargetsInParallel = 1;
				LastSwiftUpdateCheck = 1510;
				LastUpgradeCheck = 1510;
				TargetAttributes = {
					96D76B652B3C40850046014E = {
						CreatedOnToolsVersion = 15.1;
					};
					96D76B7B2B3C40880046014E = {
						CreatedOnToolsVersion = 15.1;
						TestTargetID = 96D76B652B3C40850046014E;
					};
					96D76B852B3C40880046014E = {
						CreatedOnToolsVersion = 15.1;
						TestTargetID = 96D76B652B3C40850046014E;
					};
				};
			};
			buildConfigurationList = 96D76B612B3C40850046014E /* Build configuration list for PBXProject "SwiftCalculator" */;
			compatibilityVersion = "Xcode 14.0";
			developmentRegion = en;
			hasScannedForEncodings = 0;
			knownRegions = (
				en,
				Base,
			);
			mainGroup = 96D76B5D2B3C40850046014E;
			productRefGroup = 96D76B672B3C40850046014E /* Products */;
			projectDirPath = "";
			projectRoot = "";
			targets = (
				96D76B652B3C40850046014E /* SwiftCalculator */,
				96D76B7B2B3C40880046014E /* SwiftCalculatorTests */,
				96D76B852B3C40880046014E /* SwiftCalculatorUITests */,
			);
		};
/* End PBXProject section */

/* Begin PBXResourcesBuildPhase section */
		96D76B642B3C40850046014E /* Resources */ = {
			isa = PBXResourcesBuildPhase;
			buildActionMask = 2147483647;
			files = (
				96E55AB22B3E55DD00ED2259 /* CustomButton.xib in Resources */,
				96D76B762B3C40870046014E /* LaunchScreen.storyboard in Resources */,
				96D76B732B3C40870046014E /* Assets.xcassets in Resources */,
				96D76B712B3C40850046014E /* Main.storyboard in Resources */,
			);
			runOnlyForDeploymentPostprocessing = 0;
		};
		96D76B7A2B3C40880046014E /* Resources */ = {
			isa = PBXResourcesBuildPhase;
			buildActionMask = 2147483647;
			files = (
			);
			runOnlyForDeploymentPostprocessing = 0;
		};
		96D76B842B3C40880046014E /* Resources */ = {
			isa = PBXResourcesBuildPhase;
			buildActionMask = 2147483647;
			files = (
			);
			runOnlyForDeploymentPostprocessing = 0;
		};
/* End PBXResourcesBuildPhase section */

/* Begin PBXSourcesBuildPhase section */
		96D76B622B3C40850046014E /* Sources */ = {
			isa = PBXSourcesBuildPhase;
			buildActionMask = 2147483647;
			files = (
				9676A11C2B3C473E00C8EF20 /* CustomButton.swift in Sources */,
				9676A11E2B3C528E00C8EF20 /* CustomLabel.swift in Sources */,
				96D76B6E2B3C40850046014E /* ViewController.swift in Sources */,
				96D76B6A2B3C40850046014E /* AppDelegate.swift in Sources */,
				96D76B6C2B3C40850046014E /* SceneDelegate.swift in Sources */,
			);
			runOnlyForDeploymentPostprocessing = 0;
		};
		96D76B782B3C40880046014E /* Sources */ = {
			isa = PBXSourcesBuildPhase;
			buildActionMask = 2147483647;
			files = (
				96D76B812B3C40880046014E /* SwiftCalculatorTests.swift in Sources */,
			);
			runOnlyForDeploymentPostprocessing = 0;
		};
		96D76B822B3C40880046014E /* Sources */ = {
			isa = PBXSourcesBuildPhase;
			buildActionMask = 2147483647;
			files = (
				96D76B8D2B3C40880046014E /* SwiftCalculatorUITestsLaunchTests.swift in Sources */,
				96D76B8B2B3C40880046014E /* SwiftCalculatorUITests.swift in Sources */,
			);
			runOnlyForDeploymentPostprocessing = 0;
		};
/* End PBXSourcesBuildPhase section */

/* Begin PBXTargetDependency section */
		96D76B7E2B3C40880046014E /* PBXTargetDependency */ = {
			isa = PBXTargetDependency;
			target = 96D76B652B3C40850046014E /* SwiftCalculator */;
			targetProxy = 96D76B7D2B3C40880046014E /* PBXContainerItemProxy */;
		};
		96D76B882B3C40880046014E /* PBXTargetDependency */ = {
			isa = PBXTargetDependency;
			target = 96D76B652B3C40850046014E /* SwiftCalculator */;
			targetProxy = 96D76B872B3C40880046014E /* PBXContainerItemProxy */;
		};
/* End PBXTargetDependency section */

/* Begin PBXVariantGroup section */
		96D76B6F2B3C40850046014E /* Main.storyboard */ = {
			isa = PBXVariantGroup;
			children = (
				96D76B702B3C40850046014E /* Base */,
			);
			name = Main.storyboard;
			sourceTree = "<group>";
		};
		96D76B742B3C40870046014E /* LaunchScreen.storyboard */ = {
			isa = PBXVariantGroup;
			children = (
				96D76B752B3C40870046014E /* Base */,
			);
			name = LaunchScreen.storyboard;
			sourceTree = "<group>";
		};
/* End PBXVariantGroup section */

/* Begin XCBuildConfiguration section */
		96D76B8E2B3C40880046014E /* Debug */ = {
			isa = XCBuildConfiguration;
			buildSettings = {
				ALWAYS_SEARCH_USER_PATHS = NO;
				ASSETCATALOG_COMPILER_GENERATE_SWIFT_ASSET_SYMBOL_EXTENSIONS = YES;
				CLANG_ANALYZER_NONNULL = YES;
				CLANG_ANALYZER_NUMBER_OBJECT_CONVERSION = YES_AGGRESSIVE;
				CLANG_CXX_LANGUAGE_STANDARD = "gnu++20";
				CLANG_ENABLE_MODULES = YES;
				CLANG_ENABLE_OBJC_ARC = YES;
				CLANG_ENABLE_OBJC_WEAK = YES;
				CLANG_WARN_BLOCK_CAPTURE_AUTORELEASING = YES;
				CLANG_WARN_BOOL_CONVERSION = YES;
				CLANG_WARN_COMMA = YES;
				CLANG_WARN_CONSTANT_CONVERSION = YES;
				CLANG_WARN_DEPRECATED_OBJC_IMPLEMENTATIONS = YES;
				CLANG_WARN_DIRECT_OBJC_ISA_USAGE = YES_ERROR;
				CLANG_WARN_DOCUMENTATION_COMMENTS = YES;
				CLANG_WARN_EMPTY_BODY = YES;
				CLANG_WARN_ENUM_CONVERSION = YES;
				CLANG_WARN_INFINITE_RECURSION = YES;
				CLANG_WARN_INT_CONVERSION = YES;
				CLANG_WARN_NON_LITERAL_NULL_CONVERSION = YES;
				CLANG_WARN_OBJC_IMPLICIT_RETAIN_SELF = YES;
				CLANG_WARN_OBJC_LITERAL_CONVERSION = YES;
				CLANG_WARN_OBJC_ROOT_CLASS = YES_ERROR;
				CLANG_WARN_QUOTED_INCLUDE_IN_FRAMEWORK_HEADER = YES;
				CLANG_WARN_RANGE_LOOP_ANALYSIS = YES;
				CLANG_WARN_STRICT_PROTOTYPES = YES;
				CLANG_WARN_SUSPICIOUS_MOVE = YES;
				CLANG_WARN_UNGUARDED_AVAILABILITY = YES_AGGRESSIVE;
				CLANG_WARN_UNREACHABLE_CODE = YES;
				CLANG_WARN__DUPLICATE_METHOD_MATCH = YES;
				COPY_PHASE_STRIP = NO;
				DEBUG_INFORMATION_FORMAT = dwarf;
				ENABLE_STRICT_OBJC_MSGSEND = YES;
				ENABLE_TESTABILITY = YES;
				ENABLE_USER_SCRIPT_SANDBOXING = YES;
				GCC_C_LANGUAGE_STANDARD = gnu17;
				GCC_DYNAMIC_NO_PIC = NO;
				GCC_NO_COMMON_BLOCKS = YES;
				GCC_OPTIMIZATION_LEVEL = 0;
				GCC_PREPROCESSOR_DEFINITIONS = (
					"DEBUG=1",
					"$(inherited)",
				);
				GCC_WARN_64_TO_32_BIT_CONVERSION = YES;
				GCC_WARN_ABOUT_RETURN_TYPE = YES_ERROR;
				GCC_WARN_UNDECLARED_SELECTOR = YES;
				GCC_WARN_UNINITIALIZED_AUTOS = YES_AGGRESSIVE;
				GCC_WARN_UNUSED_FUNCTION = YES;
				GCC_WARN_UNUSED_VARIABLE = YES;
				IPHONEOS_DEPLOYMENT_TARGET = 17.2;
				LOCALIZATION_PREFERS_STRING_CATALOGS = YES;
				MTL_ENABLE_DEBUG_INFO = INCLUDE_SOURCE;
				MTL_FAST_MATH = YES;
				ONLY_ACTIVE_ARCH = YES;
				SDKROOT = iphoneos;
				SWIFT_ACTIVE_COMPILATION_CONDITIONS = "DEBUG $(inherited)";
				SWIFT_OPTIMIZATION_LEVEL = "-Onone";
			};
			name = Debug;
		};
		96D76B8F2B3C40880046014E /* Release */ = {
			isa = XCBuildConfiguration;
			buildSettings = {
				ALWAYS_SEARCH_USER_PATHS = NO;
				ASSETCATALOG_COMPILER_GENERATE_SWIFT_ASSET_SYMBOL_EXTENSIONS = YES;
				CLANG_ANALYZER_NONNULL = YES;
				CLANG_ANALYZER_NUMBER_OBJECT_CONVERSION = YES_AGGRESSIVE;
				CLANG_CXX_LANGUAGE_STANDARD = "gnu++20";
				CLANG_ENABLE_MODULES = YES;
				CLANG_ENABLE_OBJC_ARC = YES;
				CLANG_ENABLE_OBJC_WEAK = YES;
				CLANG_WARN_BLOCK_CAPTURE_AUTORELEASING = YES;
				CLANG_WARN_BOOL_CONVERSION = YES;
				CLANG_WARN_COMMA = YES;
				CLANG_WARN_CONSTANT_CONVERSION = YES;
				CLANG_WARN_DEPRECATED_OBJC_IMPLEMENTATIONS = YES;
				CLANG_WARN_DIRECT_OBJC_ISA_USAGE = YES_ERROR;
				CLANG_WARN_DOCUMENTATION_COMMENTS = YES;
				CLANG_WARN_EMPTY_BODY = YES;
				CLANG_WARN_ENUM_CONVERSION = YES;
				CLANG_WARN_INFINITE_RECURSION = YES;
				CLANG_WARN_INT_CONVERSION = YES;
				CLANG_WARN_NON_LITERAL_NULL_CONVERSION = YES;
				CLANG_WARN_OBJC_IMPLICIT_RETAIN_SELF = YES;
				CLANG_WARN_OBJC_LITERAL_CONVERSION = YES;
				CLANG_WARN_OBJC_ROOT_CLASS = YES_ERROR;
				CLANG_WARN_QUOTED_INCLUDE_IN_FRAMEWORK_HEADER = YES;
				CLANG_WARN_RANGE_LOOP_ANALYSIS = YES;
				CLANG_WARN_STRICT_PROTOTYPES = YES;
				CLANG_WARN_SUSPICIOUS_MOVE = YES;
				CLANG_WARN_UNGUARDED_AVAILABILITY = YES_AGGRESSIVE;
				CLANG_WARN_UNREACHABLE_CODE = YES;
				CLANG_WARN__DUPLICATE_METHOD_MATCH = YES;
				COPY_PHASE_STRIP = NO;
				DEBUG_INFORMATION_FORMAT = "dwarf-with-dsym";
				ENABLE_NS_ASSERTIONS = NO;
				ENABLE_STRICT_OBJC_MSGSEND = YES;
				ENABLE_USER_SCRIPT_SANDBOXING = YES;
				GCC_C_LANGUAGE_STANDARD = gnu17;
				GCC_NO_COMMON_BLOCKS = YES;
				GCC_WARN_64_TO_32_BIT_CONVERSION = YES;
				GCC_WARN_ABOUT_RETURN_TYPE = YES_ERROR;
				GCC_WARN_UNDECLARED_SELECTOR = YES;
				GCC_WARN_UNINITIALIZED_AUTOS = YES_AGGRESSIVE;
				GCC_WARN_UNUSED_FUNCTION = YES;
				GCC_WARN_UNUSED_VARIABLE = YES;
				IPHONEOS_DEPLOYMENT_TARGET = 17.2;
				LOCALIZATION_PREFERS_STRING_CATALOGS = YES;
				MTL_ENABLE_DEBUG_INFO = NO;
				MTL_FAST_MATH = YES;
				SDKROOT = iphoneos;
				SWIFT_COMPILATION_MODE = wholemodule;
				VALIDATE_PRODUCT = YES;
			};
			name = Release;
		};
		96D76B912B3C40880046014E /* Debug */ = {
			isa = XCBuildConfiguration;
			buildSettings = {
				ASSETCATALOG_COMPILER_APPICON_NAME = AppIcon;
				ASSETCATALOG_COMPILER_GLOBAL_ACCENT_COLOR_NAME = AccentColor;
				CODE_SIGN_STYLE = Automatic;
				CURRENT_PROJECT_VERSION = 1;
				GENERATE_INFOPLIST_FILE = YES;
				INFOPLIST_FILE = SwiftCalculator/Info.plist;
				INFOPLIST_KEY_UIApplicationSupportsIndirectInputEvents = YES;
				INFOPLIST_KEY_UILaunchStoryboardName = LaunchScreen;
				INFOPLIST_KEY_UIMainStoryboardFile = Main;
				INFOPLIST_KEY_UISupportedInterfaceOrientations_iPad = "UIInterfaceOrientationPortrait UIInterfaceOrientationPortraitUpsideDown UIInterfaceOrientationLandscapeLeft UIInterfaceOrientationLandscapeRight";
				INFOPLIST_KEY_UISupportedInterfaceOrientations_iPhone = "UIInterfaceOrientationPortrait UIInterfaceOrientationLandscapeLeft UIInterfaceOrientationLandscapeRight";
				LD_RUNPATH_SEARCH_PATHS = (
					"$(inherited)",
					"@executable_path/Frameworks",
				);
				MARKETING_VERSION = 1.0;
				PRODUCT_BUNDLE_IDENTIFIER = com.kazu.SwiftCalculator;
				PRODUCT_NAME = "$(TARGET_NAME)";
				SWIFT_EMIT_LOC_STRINGS = YES;
				SWIFT_VERSION = 5.0;
				TARGETED_DEVICE_FAMILY = "1,2";
			};
			name = Debug;
		};
		96D76B922B3C40880046014E /* Release */ = {
			isa = XCBuildConfiguration;
			buildSettings = {
				ASSETCATALOG_COMPILER_APPICON_NAME = AppIcon;
				ASSETCATALOG_COMPILER_GLOBAL_ACCENT_COLOR_NAME = AccentColor;
				CODE_SIGN_STYLE = Automatic;
				CURRENT_PROJECT_VERSION = 1;
				GENERATE_INFOPLIST_FILE = YES;
				INFOPLIST_FILE = SwiftCalculator/Info.plist;
				INFOPLIST_KEY_UIApplicationSupportsIndirectInputEvents = YES;
				INFOPLIST_KEY_UILaunchStoryboardName = LaunchScreen;
				INFOPLIST_KEY_UIMainStoryboardFile = Main;
				INFOPLIST_KEY_UISupportedInterfaceOrientations_iPad = "UIInterfaceOrientationPortrait UIInterfaceOrientationPortraitUpsideDown UIInterfaceOrientationLandscapeLeft UIInterfaceOrientationLandscapeRight";
				INFOPLIST_KEY_UISupportedInterfaceOrientations_iPhone = "UIInterfaceOrientationPortrait UIInterfaceOrientationLandscapeLeft UIInterfaceOrientationLandscapeRight";
				LD_RUNPATH_SEARCH_PATHS = (
					"$(inherited)",
					"@executable_path/Frameworks",
				);
				MARKETING_VERSION = 1.0;
				PRODUCT_BUNDLE_IDENTIFIER = com.kazu.SwiftCalculator;
				PRODUCT_NAME = "$(TARGET_NAME)";
				SWIFT_EMIT_LOC_STRINGS = YES;
				SWIFT_VERSION = 5.0;
				TARGETED_DEVICE_FAMILY = "1,2";
			};
			name = Release;
		};
		96D76B942B3C40880046014E /* Debug */ = {
			isa = XCBuildConfiguration;
			buildSettings = {
				ALWAYS_EMBED_SWIFT_STANDARD_LIBRARIES = YES;
				BUNDLE_LOADER = "$(TEST_HOST)";
				CODE_SIGN_STYLE = Automatic;
				CURRENT_PROJECT_VERSION = 1;
				GENERATE_INFOPLIST_FILE = YES;
				IPHONEOS_DEPLOYMENT_TARGET = 17.2;
				MARKETING_VERSION = 1.0;
				PRODUCT_BUNDLE_IDENTIFIER = com.kazu.SwiftCalculatorTests;
				PRODUCT_NAME = "$(TARGET_NAME)";
				SWIFT_EMIT_LOC_STRINGS = NO;
				SWIFT_VERSION = 5.0;
				TARGETED_DEVICE_FAMILY = "1,2";
				TEST_HOST = "$(BUILT_PRODUCTS_DIR)/SwiftCalculator.app/$(BUNDLE_EXECUTABLE_FOLDER_PATH)/SwiftCalculator";
			};
			name = Debug;
		};
		96D76B952B3C40880046014E /* Release */ = {
			isa = XCBuildConfiguration;
			buildSettings = {
				ALWAYS_EMBED_SWIFT_STANDARD_LIBRARIES = YES;
				BUNDLE_LOADER = "$(TEST_HOST)";
				CODE_SIGN_STYLE = Automatic;
				CURRENT_PROJECT_VERSION = 1;
				GENERATE_INFOPLIST_FILE = YES;
				IPHONEOS_DEPLOYMENT_TARGET = 17.2;
				MARKETING_VERSION = 1.0;
				PRODUCT_BUNDLE_IDENTIFIER = com.kazu.SwiftCalculatorTests;
				PRODUCT_NAME = "$(TARGET_NAME)";
				SWIFT_EMIT_LOC_STRINGS = NO;
				SWIFT_VERSION = 5.0;
				TARGETED_DEVICE_FAMILY = "1,2";
				TEST_HOST = "$(BUILT_PRODUCTS_DIR)/SwiftCalculator.app/$(BUNDLE_EXECUTABLE_FOLDER_PATH)/SwiftCalculator";
			};
			name = Release;
		};
		96D76B972B3C40880046014E /* Debug */ = {
			isa = XCBuildConfiguration;
			buildSettings = {
				ALWAYS_EMBED_SWIFT_STANDARD_LIBRARIES = YES;
				CODE_SIGN_STYLE = Automatic;
				CURRENT_PROJECT_VERSION = 1;
				GENERATE_INFOPLIST_FILE = YES;
				MARKETING_VERSION = 1.0;
				PRODUCT_BUNDLE_IDENTIFIER = com.kazu.SwiftCalculatorUITests;
				PRODUCT_NAME = "$(TARGET_NAME)";
				SWIFT_EMIT_LOC_STRINGS = NO;
				SWIFT_VERSION = 5.0;
				TARGETED_DEVICE_FAMILY = "1,2";
				TEST_TARGET_NAME = SwiftCalculator;
			};
			name = Debug;
		};
		96D76B982B3C40880046014E /* Release */ = {
			isa = XCBuildConfiguration;
			buildSettings = {
				ALWAYS_EMBED_SWIFT_STANDARD_LIBRARIES = YES;
				CODE_SIGN_STYLE = Automatic;
				CURRENT_PROJECT_VERSION = 1;
				GENERATE_INFOPLIST_FILE = YES;
				MARKETING_VERSION = 1.0;
				PRODUCT_BUNDLE_IDENTIFIER = com.kazu.SwiftCalculatorUITests;
				PRODUCT_NAME = "$(TARGET_NAME)";
				SWIFT_EMIT_LOC_STRINGS = NO;
				SWIFT_VERSION = 5.0;
				TARGETED_DEVICE_FAMILY = "1,2";
				TEST_TARGET_NAME = SwiftCalculator;
			};
			name = Release;
		};
/* End XCBuildConfiguration section */

/* Begin XCConfigurationList section */
		96D76B612B3C40850046014E /* Build configuration list for PBXProject "SwiftCalculator" */ = {
			isa = XCConfigurationList;
			buildConfigurations = (
				96D76B8E2B3C40880046014E /* Debug */,
				96D76B8F2B3C40880046014E /* Release */,
			);
			defaultConfigurationIsVisible = 0;
			defaultConfigurationName = Release;
		};
		96D76B902B3C40880046014E /* Build configuration list for PBXNativeTarget "SwiftCalculator" */ = {
			isa = XCConfigurationList;
			buildConfigurations = (
				96D76B912B3C40880046014E /* Debug */,
				96D76B922B3C40880046014E /* Release */,
			);
			defaultConfigurationIsVisible = 0;
			defaultConfigurationName = Release;
		};
		96D76B932B3C40880046014E /* Build configuration list for PBXNativeTarget "SwiftCalculatorTests" */ = {
			isa = XCConfigurationList;
			buildConfigurations = (
				96D76B942B3C40880046014E /* Debug */,
				96D76B952B3C40880046014E /* Release */,
			);
			defaultConfigurationIsVisible = 0;
			defaultConfigurationName = Release;
		};
		96D76B962B3C40880046014E /* Build configuration list for PBXNativeTarget "SwiftCalculatorUITests" */ = {
			isa = XCConfigurationList;
			buildConfigurations = (
				96D76B972B3C40880046014E /* Debug */,
				96D76B982B3C40880046014E /* Release */,
			);
			defaultConfigurationIsVisible = 0;
			defaultConfigurationName = Release;
		};
/* End XCConfigurationList section */
	};
	rootObject = 96D76B5E2B3C40850046014E /* Project object */;
}
